
Microsoft Visual Studio Solution File, Format Version 12.00
# Visual Studio Version 16
VisualStudioVersion = 16.0.30709.132
MinimumVisualStudioVersion = 10.0.40219.1
Project("{9A19103F-16F7-4668-BE54-9A1E7A4F7556}") = "LNDManager", "LNDManager\LNDManager.csproj", "{21AA6CB5-5890-439A-9786-B72A63838281}"
EndProject
Global
	GlobalSection(SolutionConfigurationPlatforms) = preSolution
		Debug|Any CPU = Debug|Any CPU
		Release|Any CPU = Release|Any CPU
	EndGlobalSection
	GlobalSection(ProjectConfigurationPlatforms) = postSolution
		{21AA6CB5-5890-439A-9786-B72A63838281}.Debug|Any CPU.ActiveCfg = Debug|Any CPU
		{21AA6CB5-5890-439A-9786-B72A63838281}.Debug|Any CPU.Build.0 = Debug|Any CPU
		{21AA6CB5-5890-439A-9786-B72A63838281}.Release|Any CPU.ActiveCfg = Release|Any CPU
		{21AA6CB5-5890-439A-9786-B72A63838281}.Release|Any CPU.Build.0 = Release|Any CPU
	EndGlobalSection
	GlobalSection(SolutionProperties) = preSolution
		HideSolutionNode = FALSE
	EndGlobalSection
	GlobalSection(ExtensibilityGlobals) = postSolution
		SolutionGuid = {05ACB0A8-B95D-431A-9751-81B9DEED83E6}
	EndGlobalSection
EndGlobal
